
Microsoft Visual Studio Solution File, Format Version 12.00
# Visual Studio 15
VisualStudioVersion = 15.0.28307.168
MinimumVisualStudioVersion = 10.0.40219.1
Project("{FAE04EC0-301F-11D3-BF4B-00C04F79EFBC}") = "SikhiServer", "SikhiServer\SikhiServer.csproj", "{0EFA6268-91A9-46E7-8441-E9996359ED34}"
EndProject
Global
	GlobalSection(SolutionConfigurationPlatforms) = preSolution
		Debug|Any CPU = Debug|Any CPU
		Release|Any CPU = Release|Any CPU
	EndGlobalSection
	GlobalSection(ProjectConfigurationPlatforms) = postSolution
		{0EFA6268-91A9-46E7-8441-E9996359ED34}.Debug|Any CPU.ActiveCfg = Debug|Any CPU
		{0EFA6268-91A9-46E7-8441-E9996359ED34}.Debug|Any CPU.Build.0 = Debug|Any CPU
		{0EFA6268-91A9-46E7-8441-E9996359ED34}.Release|Any CPU.ActiveCfg = Release|Any CPU
		{0EFA6268-91A9-46E7-8441-E9996359ED34}.Release|Any CPU.Build.0 = Release|Any CPU
	EndGlobalSection
	GlobalSection(SolutionProperties) = preSolution
		HideSolutionNode = FALSE
	EndGlobalSection
	GlobalSection(ExtensibilityGlobals) = postSolution
		SolutionGuid = {5BAE1754-02B7-4406-9B36-6E7417DDDE10}
	EndGlobalSection
EndGlobal
